# THIS IS AN AUTOGENERATED FILE. DO NOT EDIT THIS FILE DIRECTLY.
# yarn lockfile v1


regenerate@^1.4.0:
  version "1.4.0"
  resolved "http://registry.npm.taobao.org/regenerate/download/regenerate-1.4.0.tgz#4a856ec4b56e4077c557589cae85e7a4c8869a11"
  integrity sha1-SoVuxLVuQHfFV1icroXnpMiGmhE=

unicode-11.0.0@^0.7.8:
  version "0.7.8"
  resolved "http://registry.npm.taobao.org/unicode-11.0.0/download/unicode-11.0.0-0.7.8.tgz#5eecdd6c2802fdd6b260661c57921d0294aeea98"
  integrity sha1-XuzdbCgC/dayYGYcV5IdApSu6pg=
